
Microsoft Visual Studio Solution File, Format Version 12.00
# Visual Studio 15
VisualStudioVersion = 15.0.28307.2092
MinimumVisualStudioVersion = 10.0.40219.1
Project("{FAE04EC0-301F-11D3-BF4B-00C04F79EFBC}") = "ELMS", "ELMS\ELMS.csproj", "{A2295774-4AF2-49BD-AD0C-3A4A897EF688}"
EndProject
Global
	GlobalSection(SolutionConfigurationPlatforms) = preSolution
		Debug|Any CPU = Debug|Any CPU
		Release|Any CPU = Release|Any CPU
	EndGlobalSection
	GlobalSection(ProjectConfigurationPlatforms) = postSolution
		{A2295774-4AF2-49BD-AD0C-3A4A897EF688}.Debug|Any CPU.ActiveCfg = Debug|Any CPU
		{A2295774-4AF2-49BD-AD0C-3A4A897EF688}.Debug|Any CPU.Build.0 = Debug|Any CPU
		{A2295774-4AF2-49BD-AD0C-3A4A897EF688}.Release|Any CPU.ActiveCfg = Release|Any CPU
		{A2295774-4AF2-49BD-AD0C-3A4A897EF688}.Release|Any CPU.Build.0 = Release|Any CPU
	EndGlobalSection
	GlobalSection(SolutionProperties) = preSolution
		HideSolutionNode = FALSE
	EndGlobalSection
	GlobalSection(ExtensibilityGlobals) = postSolution
		SolutionGuid = {B9EEB299-7452-4357-BFDA-B395F0E284CD}
	EndGlobalSection
EndGlobal
